<Solution Description="Visual Studio slnx file generated by Premake" Version="1.4">
  <Configurations>
    <BuildType Name="Debug" />
    <BuildType Name="Dist" />
    <BuildType Name="Release" />
    <Platform Name="x64" />
  </Configurations>
  <Folder Name="/Editor/">
    <Project Path="Glacier\Glacier.vcxproj" Id="5CF92660-C8D8-A5FB-D1F0-30D23D4F0C5D" DefaultStartup="true">
    </Project>
  </Folder>
  <Folder Name="/Engine/">
    <Project Path="Snow\Snow.vcxproj" Id="AC758C7C-98AC-8D0D-4199-73102DAF090F">
    </Project>
    <Project Path="SnowScriptCore\SnowScriptCore.csproj" Id="AA7AC8C5-9648-BCCB-7FDC-2CF26B499830">
    </Project>
  </Folder>
  <Folder Name="/Scripts/">
    <Project Path="GameScripts\ExampleScriptApp.csproj" Id="07C37D7C-F3BB-9CCE-1CEE-815308467CDA">
    </Project>
  </Folder>
  <Folder Name="/Vendor/">
    <Project Path="Snow\vendor\box2d\Box2D.vcxproj" Id="A434E80C-1049-10BE-D9CA-B31D459E0CEF">
    </Project>
    <Project Path="Snow\vendor\Glad\Glad.vcxproj" Id="BDD6857C-A90D-870D-52FA-6C103E10030F">
    </Project>
    <Project Path="Snow\vendor\GLFW\GLFW.vcxproj" Id="154B857C-0182-860D-AA6E-6C109684020F">
    </Project>
    <Project Path="Snow\vendor\imgui\ImGui.vcxproj" Id="C0FF640D-2C14-8DBE-F595-301E616989EF">
    </Project>
    <Project Path="Snow\vendor\SPIRV-Cross\SPIRVCross.vcxproj" Id="C3E183C0-AF99-C50D-18A1-9E69047860FE">
    </Project>
    <Project Path="Snow\vendor\yaml-cpp\YAML.vcxproj" Id="F8FB8E7C-E432-900D-8D1F-761079350C0F">
    </Project>
  </Folder>
</Solution>